// !$*UTF8*$!
{
	archiveVersion = 1;
	classes = {
	};
	objectVersion = 51;
	objects = {

/* Begin PBXBuildFile section */
		150D0B852741B1FE00D76FEB /* FeedCollectionViewCell.swift in Sources */ = {isa = PBXBuildFile; fileRef = 150D0B842741B1FE00D76FEB /* FeedCollectionViewCell.swift */; };
		150D0B872741B50500D76FEB /* FeedViewController.swift in Sources */ = {isa = PBXBuildFile; fileRef = 150D0B862741B50500D76FEB /* FeedViewController.swift */; };
		150D0B8927420F3F00D76FEB /* ItemSellViewController.swift in Sources */ = {isa = PBXBuildFile; fileRef = 150D0B8827420F3F00D76FEB /* ItemSellViewController.swift */; };
		157E80692738CE3F005F5D09 /* Login.storyboard in Resources */ = {isa = PBXBuildFile; fileRef = 157E80682738CE3F005F5D09 /* Login.storyboard */; };
		157E80752738D918005F5D09 /* signUpViewController.swift in Sources */ = {isa = PBXBuildFile; fileRef = 157E80742738D918005F5D09 /* signUpViewController.swift */; };
		15E6844D273300F3005C245D /* GoogleService-Info.plist in Resources */ = {isa = PBXBuildFile; fileRef = 15E6844C273300F3005C245D /* GoogleService-Info.plist */; };
		15E6844F273304F6005C245D /* LoginViewController.swift in Sources */ = {isa = PBXBuildFile; fileRef = 15E6844E273304F6005C245D /* LoginViewController.swift */; };
		19935D18EEA0BCC83ADB1925 /* Pods_UTSwap.framework in Frameworks */ = {isa = PBXBuildFile; fileRef = B97F0747D5212E3EFF26AF0A /* Pods_UTSwap.framework */; };
		A95DF45C273E675800B24710 /* Homepage.storyboard in Resources */ = {isa = PBXBuildFile; fileRef = A95DF45A273E675800B24710 /* Homepage.storyboard */; };
		A95DF45E273E687200B24710 /* HomepageViewController.swift in Sources */ = {isa = PBXBuildFile; fileRef = A95DF45D273E687200B24710 /* HomepageViewController.swift */; };
		D41450C1274767E000888BC8 /* ProfileViewController.swift in Sources */ = {isa = PBXBuildFile; fileRef = D41450C0274767E000888BC8 /* ProfileViewController.swift */; };
		D42EB52D2735C32100ACEDEC /* Settings.storyboard in Resources */ = {isa = PBXBuildFile; fileRef = D42EB52B2735C32100ACEDEC /* Settings.storyboard */; };
		D42EB5302735C33100ACEDEC /* ItemBuy.storyboard in Resources */ = {isa = PBXBuildFile; fileRef = D42EB52E2735C33100ACEDEC /* ItemBuy.storyboard */; };
		D42EB5352735C37E00ACEDEC /* BaseViewController.swift in Sources */ = {isa = PBXBuildFile; fileRef = D42EB5312735C37E00ACEDEC /* BaseViewController.swift */; };
		D42EB5362735C37E00ACEDEC /* LandingViewController.swift in Sources */ = {isa = PBXBuildFile; fileRef = D42EB5322735C37E00ACEDEC /* LandingViewController.swift */; };
		D42EB5372735C37E00ACEDEC /* SettingsViewController.swift in Sources */ = {isa = PBXBuildFile; fileRef = D42EB5332735C37E00ACEDEC /* SettingsViewController.swift */; };
		D42EB5382735C37E00ACEDEC /* ItemBuyViewController.swift in Sources */ = {isa = PBXBuildFile; fileRef = D42EB5342735C37E00ACEDEC /* ItemBuyViewController.swift */; };
		D44E714D271A2ED800CC01C2 /* AppDelegate.swift in Sources */ = {isa = PBXBuildFile; fileRef = D44E714C271A2ED800CC01C2 /* AppDelegate.swift */; };
		D44E714F271A2ED800CC01C2 /* SceneDelegate.swift in Sources */ = {isa = PBXBuildFile; fileRef = D44E714E271A2ED800CC01C2 /* SceneDelegate.swift */; };
		D44E7154271A2ED800CC01C2 /* Main.storyboard in Resources */ = {isa = PBXBuildFile; fileRef = D44E7152271A2ED800CC01C2 /* Main.storyboard */; };
		D44E7157271A2ED800CC01C2 /* UTSwap.xcdatamodeld in Sources */ = {isa = PBXBuildFile; fileRef = D44E7155271A2ED800CC01C2 /* UTSwap.xcdatamodeld */; };
		D44E7159271A2ED900CC01C2 /* Assets.xcassets in Resources */ = {isa = PBXBuildFile; fileRef = D44E7158271A2ED900CC01C2 /* Assets.xcassets */; };
		D44E715C271A2ED900CC01C2 /* LaunchScreen.storyboard in Resources */ = {isa = PBXBuildFile; fileRef = D44E715A271A2ED900CC01C2 /* LaunchScreen.storyboard */; };
/* End PBXBuildFile section */

/* Begin PBXFileReference section */
		150D0B842741B1FE00D76FEB /* FeedCollectionViewCell.swift */ = {isa = PBXFileReference; lastKnownFileType = sourcecode.swift; path = FeedCollectionViewCell.swift; sourceTree = "<group>"; };
		150D0B862741B50500D76FEB /* FeedViewController.swift */ = {isa = PBXFileReference; lastKnownFileType = sourcecode.swift; path = FeedViewController.swift; sourceTree = "<group>"; };
		150D0B8827420F3F00D76FEB /* ItemSellViewController.swift */ = {isa = PBXFileReference; lastKnownFileType = sourcecode.swift; path = ItemSellViewController.swift; sourceTree = "<group>"; };
		157E80682738CE3F005F5D09 /* Login.storyboard */ = {isa = PBXFileReference; fileEncoding = 4; lastKnownFileType = file.storyboard; path = Login.storyboard; sourceTree = "<group>"; };
		157E80742738D918005F5D09 /* signUpViewController.swift */ = {isa = PBXFileReference; lastKnownFileType = sourcecode.swift; path = signUpViewController.swift; sourceTree = "<group>"; };
		15E6844C273300F3005C245D /* GoogleService-Info.plist */ = {isa = PBXFileReference; fileEncoding = 4; lastKnownFileType = text.plist.xml; path = "GoogleService-Info.plist"; sourceTree = "<group>"; };
		15E6844E273304F6005C245D /* LoginViewController.swift */ = {isa = PBXFileReference; lastKnownFileType = sourcecode.swift; path = LoginViewController.swift; sourceTree = "<group>"; };
		2C033452AD9D88D8EB80A867 /* Pods-UTSwap.release.xcconfig */ = {isa = PBXFileReference; includeInIndex = 1; lastKnownFileType = text.xcconfig; name = "Pods-UTSwap.release.xcconfig"; path = "Target Support Files/Pods-UTSwap/Pods-UTSwap.release.xcconfig"; sourceTree = "<group>"; };
		A95DF45B273E675800B24710 /* Base */ = {isa = PBXFileReference; lastKnownFileType = file.storyboard; name = Base; path = UTSwap/Base.lproj/Homepage.storyboard; sourceTree = "<group>"; };
		A95DF45D273E687200B24710 /* HomepageViewController.swift */ = {isa = PBXFileReference; lastKnownFileType = sourcecode.swift; path = HomepageViewController.swift; sourceTree = "<group>"; };
		B97F0747D5212E3EFF26AF0A /* Pods_UTSwap.framework */ = {isa = PBXFileReference; explicitFileType = wrapper.framework; includeInIndex = 0; path = Pods_UTSwap.framework; sourceTree = BUILT_PRODUCTS_DIR; };
		D41450C0274767E000888BC8 /* ProfileViewController.swift */ = {isa = PBXFileReference; fileEncoding = 4; lastKnownFileType = sourcecode.swift; path = ProfileViewController.swift; sourceTree = "<group>"; };
		D42EB52C2735C32100ACEDEC /* Base */ = {isa = PBXFileReference; lastKnownFileType = file.storyboard; name = Base; path = Base.lproj/Settings.storyboard; sourceTree = "<group>"; };
		D42EB52F2735C33100ACEDEC /* Base */ = {isa = PBXFileReference; lastKnownFileType = file.storyboard; name = Base; path = Base.lproj/ItemBuy.storyboard; sourceTree = "<group>"; };
		D42EB5312735C37E00ACEDEC /* BaseViewController.swift */ = {isa = PBXFileReference; fileEncoding = 4; lastKnownFileType = sourcecode.swift; path = BaseViewController.swift; sourceTree = "<group>"; };
		D42EB5322735C37E00ACEDEC /* LandingViewController.swift */ = {isa = PBXFileReference; fileEncoding = 4; lastKnownFileType = sourcecode.swift; path = LandingViewController.swift; sourceTree = "<group>"; };
		D42EB5332735C37E00ACEDEC /* SettingsViewController.swift */ = {isa = PBXFileReference; fileEncoding = 4; lastKnownFileType = sourcecode.swift; path = SettingsViewController.swift; sourceTree = "<group>"; };
		D42EB5342735C37E00ACEDEC /* ItemBuyViewController.swift */ = {isa = PBXFileReference; fileEncoding = 4; lastKnownFileType = sourcecode.swift; path = ItemBuyViewController.swift; sourceTree = "<group>"; };
		D44E7149271A2ED800CC01C2 /* UTSwap.app */ = {isa = PBXFileReference; explicitFileType = wrapper.application; includeInIndex = 0; path = UTSwap.app; sourceTree = BUILT_PRODUCTS_DIR; };
		D44E714C271A2ED800CC01C2 /* AppDelegate.swift */ = {isa = PBXFileReference; lastKnownFileType = sourcecode.swift; path = AppDelegate.swift; sourceTree = "<group>"; };
		D44E714E271A2ED800CC01C2 /* SceneDelegate.swift */ = {isa = PBXFileReference; lastKnownFileType = sourcecode.swift; path = SceneDelegate.swift; sourceTree = "<group>"; };
		D44E7153271A2ED800CC01C2 /* Base */ = {isa = PBXFileReference; lastKnownFileType = file.storyboard; name = Base; path = Base.lproj/Main.storyboard; sourceTree = "<group>"; };
		D44E7156271A2ED800CC01C2 /* UTSwap.xcdatamodel */ = {isa = PBXFileReference; lastKnownFileType = wrapper.xcdatamodel; path = UTSwap.xcdatamodel; sourceTree = "<group>"; };
		D44E7158271A2ED900CC01C2 /* Assets.xcassets */ = {isa = PBXFileReference; lastKnownFileType = folder.assetcatalog; path = Assets.xcassets; sourceTree = "<group>"; };
		D44E715B271A2ED900CC01C2 /* Base */ = {isa = PBXFileReference; lastKnownFileType = file.storyboard; name = Base; path = Base.lproj/LaunchScreen.storyboard; sourceTree = "<group>"; };
		D44E715D271A2ED900CC01C2 /* Info.plist */ = {isa = PBXFileReference; lastKnownFileType = text.plist.xml; path = Info.plist; sourceTree = "<group>"; };
		D511F1DE48FBA3154F3C68F1 /* Pods-UTSwap.debug.xcconfig */ = {isa = PBXFileReference; includeInIndex = 1; lastKnownFileType = text.xcconfig; name = "Pods-UTSwap.debug.xcconfig"; path = "Target Support Files/Pods-UTSwap/Pods-UTSwap.debug.xcconfig"; sourceTree = "<group>"; };
/* End PBXFileReference section */

/* Begin PBXFrameworksBuildPhase section */
		D44E7146271A2ED800CC01C2 /* Frameworks */ = {
			isa = PBXFrameworksBuildPhase;
			buildActionMask = 2147483647;
			files = (
				19935D18EEA0BCC83ADB1925 /* Pods_UTSwap.framework in Frameworks */,
			);
			runOnlyForDeploymentPostprocessing = 0;
		};
/* End PBXFrameworksBuildPhase section */

/* Begin PBXGroup section */
		1DF0AA7EA82734484C4EC4AA /* Frameworks */ = {
			isa = PBXGroup;
			children = (
				B97F0747D5212E3EFF26AF0A /* Pods_UTSwap.framework */,
			);
			name = Frameworks;
			sourceTree = "<group>";
		};
		D44E7140271A2ED800CC01C2 = {
			isa = PBXGroup;
			children = (
				D44E714B271A2ED800CC01C2 /* UTSwap */,
				D44E714A271A2ED800CC01C2 /* Products */,
				F0D46D0ACCB8F82FC1425BF0 /* Pods */,
				1DF0AA7EA82734484C4EC4AA /* Frameworks */,
			);
			sourceTree = "<group>";
		};
		D44E714A271A2ED800CC01C2 /* Products */ = {
			isa = PBXGroup;
			children = (
				D44E7149271A2ED800CC01C2 /* UTSwap.app */,
			);
			name = Products;
			sourceTree = "<group>";
		};
		D44E714B271A2ED800CC01C2 /* UTSwap */ = {
			isa = PBXGroup;
			children = (
				D41450C0274767E000888BC8 /* ProfileViewController.swift */,
				D42EB5312735C37E00ACEDEC /* BaseViewController.swift */,
				D42EB5342735C37E00ACEDEC /* ItemBuyViewController.swift */,
				D42EB5322735C37E00ACEDEC /* LandingViewController.swift */,
				D42EB5332735C37E00ACEDEC /* SettingsViewController.swift */,
				A95DF45D273E687200B24710 /* HomepageViewController.swift */,
				D42EB52E2735C33100ACEDEC /* ItemBuy.storyboard */,
				D42EB52B2735C32100ACEDEC /* Settings.storyboard */,
				A95DF45A273E675800B24710 /* Homepage.storyboard */,
				D44E714C271A2ED800CC01C2 /* AppDelegate.swift */,
				D44E714E271A2ED800CC01C2 /* SceneDelegate.swift */,
				D44E7152271A2ED800CC01C2 /* Main.storyboard */,
				150D0B8827420F3F00D76FEB /* ItemSellViewController.swift */,
				150D0B862741B50500D76FEB /* FeedViewController.swift */,
				150D0B842741B1FE00D76FEB /* FeedCollectionViewCell.swift */,
				157E80682738CE3F005F5D09 /* Login.storyboard */,
				15E6844E273304F6005C245D /* LoginViewController.swift */,
				157E80742738D918005F5D09 /* signUpViewController.swift */,
				D44E7158271A2ED900CC01C2 /* Assets.xcassets */,
				D44E715A271A2ED900CC01C2 /* LaunchScreen.storyboard */,
				D44E715D271A2ED900CC01C2 /* Info.plist */,
				D44E7155271A2ED800CC01C2 /* UTSwap.xcdatamodeld */,
				15E6844C273300F3005C245D /* GoogleService-Info.plist */,
			);
			path = UTSwap;
			sourceTree = "<group>";
		};
		F0D46D0ACCB8F82FC1425BF0 /* Pods */ = {
			isa = PBXGroup;
			children = (
				D511F1DE48FBA3154F3C68F1 /* Pods-UTSwap.debug.xcconfig */,
				2C033452AD9D88D8EB80A867 /* Pods-UTSwap.release.xcconfig */,
			);
			path = Pods;
			sourceTree = "<group>";
		};
/* End PBXGroup section */

/* Begin PBXNativeTarget section */
		D44E7148271A2ED800CC01C2 /* UTSwap */ = {
			isa = PBXNativeTarget;
			buildConfigurationList = D44E7160271A2ED900CC01C2 /* Build configuration list for PBXNativeTarget "UTSwap" */;
			buildPhases = (
				8F4DA2C8AB67E0B9090101C1 /* [CP] Check Pods Manifest.lock */,
				D44E7145271A2ED800CC01C2 /* Sources */,
				D44E7146271A2ED800CC01C2 /* Frameworks */,
				D44E7147271A2ED800CC01C2 /* Resources */,
				3872FA70563D731CA592A9A0 /* [CP] Embed Pods Frameworks */,
			);
			buildRules = (
			);
			dependencies = (
			);
			name = UTSwap;
			productName = UTSwap;
			productReference = D44E7149271A2ED800CC01C2 /* UTSwap.app */;
			productType = "com.apple.product-type.application";
		};
/* End PBXNativeTarget section */

/* Begin PBXProject section */
		D44E7141271A2ED800CC01C2 /* Project object */ = {
			isa = PBXProject;
			attributes = {
				LastSwiftUpdateCheck = 1250;
				LastUpgradeCheck = 1250;
				TargetAttributes = {
					D44E7148271A2ED800CC01C2 = {
						CreatedOnToolsVersion = 12.5.1;
					};
				};
			};
			buildConfigurationList = D44E7144271A2ED800CC01C2 /* Build configuration list for PBXProject "UTSwap" */;
			compatibilityVersion = "Xcode 9.3";
			developmentRegion = en;
			hasScannedForEncodings = 0;
			knownRegions = (
				en,
				Base,
			);
			mainGroup = D44E7140271A2ED800CC01C2;
			productRefGroup = D44E714A271A2ED800CC01C2 /* Products */;
			projectDirPath = "";
			projectRoot = "";
			targets = (
				D44E7148271A2ED800CC01C2 /* UTSwap */,
			);
		};
/* End PBXProject section */

/* Begin PBXResourcesBuildPhase section */
		D44E7147271A2ED800CC01C2 /* Resources */ = {
			isa = PBXResourcesBuildPhase;
			buildActionMask = 2147483647;
			files = (
				A95DF45C273E675800B24710 /* Homepage.storyboard in Resources */,
				D44E715C271A2ED900CC01C2 /* LaunchScreen.storyboard in Resources */,
				15E6844D273300F3005C245D /* GoogleService-Info.plist in Resources */,
				157E80692738CE3F005F5D09 /* Login.storyboard in Resources */,
				D44E7159271A2ED900CC01C2 /* Assets.xcassets in Resources */,
				D44E7154271A2ED800CC01C2 /* Main.storyboard in Resources */,
				D42EB5302735C33100ACEDEC /* ItemBuy.storyboard in Resources */,
				D42EB52D2735C32100ACEDEC /* Settings.storyboard in Resources */,
			);
			runOnlyForDeploymentPostprocessing = 0;
		};
/* End PBXResourcesBuildPhase section */

/* Begin PBXShellScriptBuildPhase section */
		3872FA70563D731CA592A9A0 /* [CP] Embed Pods Frameworks */ = {
			isa = PBXShellScriptBuildPhase;
			buildActionMask = 2147483647;
			files = (
			);
			inputFileListPaths = (
				"${PODS_ROOT}/Target Support Files/Pods-UTSwap/Pods-UTSwap-frameworks-${CONFIGURATION}-input-files.xcfilelist",
			);
			name = "[CP] Embed Pods Frameworks";
			outputFileListPaths = (
				"${PODS_ROOT}/Target Support Files/Pods-UTSwap/Pods-UTSwap-frameworks-${CONFIGURATION}-output-files.xcfilelist",
			);
			runOnlyForDeploymentPostprocessing = 0;
			shellPath = /bin/sh;
			shellScript = "\"${PODS_ROOT}/Target Support Files/Pods-UTSwap/Pods-UTSwap-frameworks.sh\"\n";
			showEnvVarsInLog = 0;
		};
		8F4DA2C8AB67E0B9090101C1 /* [CP] Check Pods Manifest.lock */ = {
			isa = PBXShellScriptBuildPhase;
			buildActionMask = 2147483647;
			files = (
			);
			inputFileListPaths = (
			);
			inputPaths = (
				"${PODS_PODFILE_DIR_PATH}/Podfile.lock",
				"${PODS_ROOT}/Manifest.lock",
			);
			name = "[CP] Check Pods Manifest.lock";
			outputFileListPaths = (
			);
			outputPaths = (
				"$(DERIVED_FILE_DIR)/Pods-UTSwap-checkManifestLockResult.txt",
			);
			runOnlyForDeploymentPostprocessing = 0;
			shellPath = /bin/sh;
			shellScript = "diff \"${PODS_PODFILE_DIR_PATH}/Podfile.lock\" \"${PODS_ROOT}/Manifest.lock\" > /dev/null\nif [ $? != 0 ] ; then\n    # print error to STDERR\n    echo \"error: The sandbox is not in sync with the Podfile.lock. Run 'pod install' or update your CocoaPods installation.\" >&2\n    exit 1\nfi\n# This output is used by Xcode 'outputs' to avoid re-running this script phase.\necho \"SUCCESS\" > \"${SCRIPT_OUTPUT_FILE_0}\"\n";
			showEnvVarsInLog = 0;
		};
/* End PBXShellScriptBuildPhase section */

/* Begin PBXSourcesBuildPhase section */
		D44E7145271A2ED800CC01C2 /* Sources */ = {
			isa = PBXSourcesBuildPhase;
			buildActionMask = 2147483647;
			files = (
				D42EB5362735C37E00ACEDEC /* LandingViewController.swift in Sources */,
				D44E714D271A2ED800CC01C2 /* AppDelegate.swift in Sources */,
				157E80752738D918005F5D09 /* signUpViewController.swift in Sources */,
				D44E714F271A2ED800CC01C2 /* SceneDelegate.swift in Sources */,
				150D0B8927420F3F00D76FEB /* ItemSellViewController.swift in Sources */,
				15E6844F273304F6005C245D /* LoginViewController.swift in Sources */,
				150D0B872741B50500D76FEB /* FeedViewController.swift in Sources */,
				D44E7157271A2ED800CC01C2 /* UTSwap.xcdatamodeld in Sources */,
				A95DF45E273E687200B24710 /* HomepageViewController.swift in Sources */,
				D42EB5352735C37E00ACEDEC /* BaseViewController.swift in Sources */,
				150D0B852741B1FE00D76FEB /* FeedCollectionViewCell.swift in Sources */,
				D41450C1274767E000888BC8 /* ProfileViewController.swift in Sources */,
				D42EB5382735C37E00ACEDEC /* ItemBuyViewController.swift in Sources */,
				D42EB5372735C37E00ACEDEC /* SettingsViewController.swift in Sources */,
			);
			runOnlyForDeploymentPostprocessing = 0;
		};
/* End PBXSourcesBuildPhase section */

/* Begin PBXVariantGroup section */
		A95DF45A273E675800B24710 /* Homepage.storyboard */ = {
			isa = PBXVariantGroup;
			children = (
				A95DF45B273E675800B24710 /* Base */,
			);
			name = Homepage.storyboard;
			sourceTree = "<group>";
		};
		D42EB52B2735C32100ACEDEC /* Settings.storyboard */ = {
			isa = PBXVariantGroup;
			children = (
				D42EB52C2735C32100ACEDEC /* Base */,
			);
			name = Settings.storyboard;
			sourceTree = "<group>";
		};
		D42EB52E2735C33100ACEDEC /* ItemBuy.storyboard */ = {
			isa = PBXVariantGroup;
			children = (
				D42EB52F2735C33100ACEDEC /* Base */,
			);
			name = ItemBuy.storyboard;
			sourceTree = "<group>";
		};
		D44E7152271A2ED800CC01C2 /* Main.storyboard */ = {
			isa = PBXVariantGroup;
			children = (
				D44E7153271A2ED800CC01C2 /* Base */,
			);
			name = Main.storyboard;
			sourceTree = "<group>";
		};
		D44E715A271A2ED900CC01C2 /* LaunchScreen.storyboard */ = {
			isa = PBXVariantGroup;
			children = (
				D44E715B271A2ED900CC01C2 /* Base */,
			);
			name = LaunchScreen.storyboard;
			sourceTree = "<group>";
		};
/* End PBXVariantGroup section */

/* Begin XCBuildConfiguration section */
		D44E715E271A2ED900CC01C2 /* Debug */ = {
			isa = XCBuildConfiguration;
			buildSettings = {
				ALWAYS_SEARCH_USER_PATHS = NO;
				CLANG_ANALYZER_NONNULL = YES;
				CLANG_ANALYZER_NUMBER_OBJECT_CONVERSION = YES_AGGRESSIVE;
				CLANG_CXX_LANGUAGE_STANDARD = "gnu++14";
				CLANG_CXX_LIBRARY = "libc++";
				CLANG_ENABLE_MODULES = YES;
				CLANG_ENABLE_OBJC_ARC = YES;
				CLANG_ENABLE_OBJC_WEAK = YES;
				CLANG_WARN_BLOCK_CAPTURE_AUTORELEASING = YES;
				CLANG_WARN_BOOL_CONVERSION = YES;
				CLANG_WARN_COMMA = YES;
				CLANG_WARN_CONSTANT_CONVERSION = YES;
				CLANG_WARN_DEPRECATED_OBJC_IMPLEMENTATIONS = YES;
				CLANG_WARN_DIRECT_OBJC_ISA_USAGE = YES_ERROR;
				CLANG_WARN_DOCUMENTATION_COMMENTS = YES;
				CLANG_WARN_EMPTY_BODY = YES;
				CLANG_WARN_ENUM_CONVERSION = YES;
				CLANG_WARN_INFINITE_RECURSION = YES;
				CLANG_WARN_INT_CONVERSION = YES;
				CLANG_WARN_NON_LITERAL_NULL_CONVERSION = YES;
				CLANG_WARN_OBJC_IMPLICIT_RETAIN_SELF = YES;
				CLANG_WARN_OBJC_LITERAL_CONVERSION = YES;
				CLANG_WARN_OBJC_ROOT_CLASS = YES_ERROR;
				CLANG_WARN_QUOTED_INCLUDE_IN_FRAMEWORK_HEADER = YES;
				CLANG_WARN_RANGE_LOOP_ANALYSIS = YES;
				CLANG_WARN_STRICT_PROTOTYPES = YES;
				CLANG_WARN_SUSPICIOUS_MOVE = YES;
				CLANG_WARN_UNGUARDED_AVAILABILITY = YES_AGGRESSIVE;
				CLANG_WARN_UNREACHABLE_CODE = YES;
				CLANG_WARN__DUPLICATE_METHOD_MATCH = YES;
				COPY_PHASE_STRIP = NO;
				DEBUG_INFORMATION_FORMAT = dwarf;
				ENABLE_STRICT_OBJC_MSGSEND = YES;
				ENABLE_TESTABILITY = YES;
				GCC_C_LANGUAGE_STANDARD = gnu11;
				GCC_DYNAMIC_NO_PIC = NO;
				GCC_NO_COMMON_BLOCKS = YES;
				GCC_OPTIMIZATION_LEVEL = 0;
				GCC_PREPROCESSOR_DEFINITIONS = (
					"DEBUG=1",
					"$(inherited)",
				);
				GCC_WARN_64_TO_32_BIT_CONVERSION = YES;
				GCC_WARN_ABOUT_RETURN_TYPE = YES_ERROR;
				GCC_WARN_UNDECLARED_SELECTOR = YES;
				GCC_WARN_UNINITIALIZED_AUTOS = YES_AGGRESSIVE;
				GCC_WARN_UNUSED_FUNCTION = YES;
				GCC_WARN_UNUSED_VARIABLE = YES;
				IPHONEOS_DEPLOYMENT_TARGET = 14.5;
				MTL_ENABLE_DEBUG_INFO = INCLUDE_SOURCE;
				MTL_FAST_MATH = YES;
				ONLY_ACTIVE_ARCH = YES;
				SDKROOT = iphoneos;
				SWIFT_ACTIVE_COMPILATION_CONDITIONS = DEBUG;
				SWIFT_OPTIMIZATION_LEVEL = "-Onone";
			};
			name = Debug;
		};
		D44E715F271A2ED900CC01C2 /* Release */ = {
			isa = XCBuildConfiguration;
			buildSettings = {
				ALWAYS_SEARCH_USER_PATHS = NO;
				CLANG_ANALYZER_NONNULL = YES;
				CLANG_ANALYZER_NUMBER_OBJECT_CONVERSION = YES_AGGRESSIVE;
				CLANG_CXX_LANGUAGE_STANDARD = "gnu++14";
				CLANG_CXX_LIBRARY = "libc++";
				CLANG_ENABLE_MODULES = YES;
				CLANG_ENABLE_OBJC_ARC = YES;
				CLANG_ENABLE_OBJC_WEAK = YES;
				CLANG_WARN_BLOCK_CAPTURE_AUTORELEASING = YES;
				CLANG_WARN_BOOL_CONVERSION = YES;
				CLANG_WARN_COMMA = YES;
				CLANG_WARN_CONSTANT_CONVERSION = YES;
				CLANG_WARN_DEPRECATED_OBJC_IMPLEMENTATIONS = YES;
				CLANG_WARN_DIRECT_OBJC_ISA_USAGE = YES_ERROR;
				CLANG_WARN_DOCUMENTATION_COMMENTS = YES;
				CLANG_WARN_EMPTY_BODY = YES;
				CLANG_WARN_ENUM_CONVERSION = YES;
				CLANG_WARN_INFINITE_RECURSION = YES;
				CLANG_WARN_INT_CONVERSION = YES;
				CLANG_WARN_NON_LITERAL_NULL_CONVERSION = YES;
				CLANG_WARN_OBJC_IMPLICIT_RETAIN_SELF = YES;
				CLANG_WARN_OBJC_LITERAL_CONVERSION = YES;
				CLANG_WARN_OBJC_ROOT_CLASS = YES_ERROR;
				CLANG_WARN_QUOTED_INCLUDE_IN_FRAMEWORK_HEADER = YES;
				CLANG_WARN_RANGE_LOOP_ANALYSIS = YES;
				CLANG_WARN_STRICT_PROTOTYPES = YES;
				CLANG_WARN_SUSPICIOUS_MOVE = YES;
				CLANG_WARN_UNGUARDED_AVAILABILITY = YES_AGGRESSIVE;
				CLANG_WARN_UNREACHABLE_CODE = YES;
				CLANG_WARN__DUPLICATE_METHOD_MATCH = YES;
				COPY_PHASE_STRIP = NO;
				DEBUG_INFORMATION_FORMAT = "dwarf-with-dsym";
				ENABLE_NS_ASSERTIONS = NO;
				ENABLE_STRICT_OBJC_MSGSEND = YES;
				GCC_C_LANGUAGE_STANDARD = gnu11;
				GCC_NO_COMMON_BLOCKS = YES;
				GCC_WARN_64_TO_32_BIT_CONVERSION = YES;
				GCC_WARN_ABOUT_RETURN_TYPE = YES_ERROR;
				GCC_WARN_UNDECLARED_SELECTOR = YES;
				GCC_WARN_UNINITIALIZED_AUTOS = YES_AGGRESSIVE;
				GCC_WARN_UNUSED_FUNCTION = YES;
				GCC_WARN_UNUSED_VARIABLE = YES;
				IPHONEOS_DEPLOYMENT_TARGET = 14.5;
				MTL_ENABLE_DEBUG_INFO = NO;
				MTL_FAST_MATH = YES;
				SDKROOT = iphoneos;
				SWIFT_COMPILATION_MODE = wholemodule;
				SWIFT_OPTIMIZATION_LEVEL = "-O";
				VALIDATE_PRODUCT = YES;
			};
			name = Release;
		};
		D44E7161271A2ED900CC01C2 /* Debug */ = {
			isa = XCBuildConfiguration;
			baseConfigurationReference = D511F1DE48FBA3154F3C68F1 /* Pods-UTSwap.debug.xcconfig */;
			buildSettings = {
				ASSETCATALOG_COMPILER_APPICON_NAME = AppIcon;
				ASSETCATALOG_COMPILER_GLOBAL_ACCENT_COLOR_NAME = AccentColor;
				CODE_SIGN_STYLE = Automatic;
				INFOPLIST_FILE = UTSwap/Info.plist;
				LD_RUNPATH_SEARCH_PATHS = (
					"$(inherited)",
					"@executable_path/Frameworks",
				);
				PRODUCT_BUNDLE_IDENTIFIER = utcs.UTSwap;
				PRODUCT_NAME = "$(TARGET_NAME)";
				SWIFT_VERSION = 5.0;
				TARGETED_DEVICE_FAMILY = "1,2";
			};
			name = Debug;
		};
		D44E7162271A2ED900CC01C2 /* Release */ = {
			isa = XCBuildConfiguration;
			baseConfigurationReference = 2C033452AD9D88D8EB80A867 /* Pods-UTSwap.release.xcconfig */;
			buildSettings = {
				ASSETCATALOG_COMPILER_APPICON_NAME = AppIcon;
				ASSETCATALOG_COMPILER_GLOBAL_ACCENT_COLOR_NAME = AccentColor;
				CODE_SIGN_STYLE = Automatic;
				INFOPLIST_FILE = UTSwap/Info.plist;
				LD_RUNPATH_SEARCH_PATHS = (
					"$(inherited)",
					"@executable_path/Frameworks",
				);
				PRODUCT_BUNDLE_IDENTIFIER = utcs.UTSwap;
				PRODUCT_NAME = "$(TARGET_NAME)";
				SWIFT_VERSION = 5.0;
				TARGETED_DEVICE_FAMILY = "1,2";
			};
			name = Release;
		};
/* End XCBuildConfiguration section */

/* Begin XCConfigurationList section */
		D44E7144271A2ED800CC01C2 /* Build configuration list for PBXProject "UTSwap" */ = {
			isa = XCConfigurationList;
			buildConfigurations = (
				D44E715E271A2ED900CC01C2 /* Debug */,
				D44E715F271A2ED900CC01C2 /* Release */,
			);
			defaultConfigurationIsVisible = 0;
			defaultConfigurationName = Release;
		};
		D44E7160271A2ED900CC01C2 /* Build configuration list for PBXNativeTarget "UTSwap" */ = {
			isa = XCConfigurationList;
			buildConfigurations = (
				D44E7161271A2ED900CC01C2 /* Debug */,
				D44E7162271A2ED900CC01C2 /* Release */,
			);
			defaultConfigurationIsVisible = 0;
			defaultConfigurationName = Release;
		};
/* End XCConfigurationList section */

/* Begin XCVersionGroup section */
		D44E7155271A2ED800CC01C2 /* UTSwap.xcdatamodeld */ = {
			isa = XCVersionGroup;
			children = (
				D44E7156271A2ED800CC01C2 /* UTSwap.xcdatamodel */,
			);
			currentVersion = D44E7156271A2ED800CC01C2 /* UTSwap.xcdatamodel */;
			path = UTSwap.xcdatamodeld;
			sourceTree = "<group>";
			versionGroupType = wrapper.xcdatamodel;
		};
/* End XCVersionGroup section */
	};
	rootObject = D44E7141271A2ED800CC01C2 /* Project object */;
}
